// !$*UTF8*$!
{
	archiveVersion = 1;
	classes = {
	};
	objectVersion = 56;
	objects = {

/* Begin PBXBuildFile section */
		0A32CBA62BDFF2B4005E142E /* UserListModel.swift in Sources */ = {isa = PBXBuildFile; fileRef = 0A32CBA52BDFF2B4005E142E /* UserListModel.swift */; };
		0A32CBA82BDFF391005E142E /* UserListViewModel.swift in Sources */ = {isa = PBXBuildFile; fileRef = 0A32CBA72BDFF391005E142E /* UserListViewModel.swift */; };
		0A32CBAA2BDFFA42005E142E /* UserDetail.swift in Sources */ = {isa = PBXBuildFile; fileRef = 0A32CBA92BDFFA42005E142E /* UserDetail.swift */; };
		0A32CBAC2BDFFD28005E142E /* UserDetailViewModel.swift in Sources */ = {isa = PBXBuildFile; fileRef = 0A32CBAB2BDFFD28005E142E /* UserDetailViewModel.swift */; };
		AB09BA842BDEB97A008D0D82 /* CallAPIApp.swift in Sources */ = {isa = PBXBuildFile; fileRef = AB09BA832BDEB97A008D0D82 /* CallAPIApp.swift */; };
		AB09BA862BDEB97A008D0D82 /* ContentView.swift in Sources */ = {isa = PBXBuildFile; fileRef = AB09BA852BDEB97A008D0D82 /* ContentView.swift */; };
		AB09BA882BDEB97B008D0D82 /* Assets.xcassets in Resources */ = {isa = PBXBuildFile; fileRef = AB09BA872BDEB97B008D0D82 /* Assets.xcassets */; };
		AB09BA8B2BDEB97B008D0D82 /* Preview Assets.xcassets in Resources */ = {isa = PBXBuildFile; fileRef = AB09BA8A2BDEB97B008D0D82 /* Preview Assets.xcassets */; };
		AB09BA952BDEBBFE008D0D82 /* PosModel.swift in Sources */ = {isa = PBXBuildFile; fileRef = AB09BA942BDEBBFE008D0D82 /* PosModel.swift */; };
		AB09BA972BDEBD05008D0D82 /* PosViewModel.swift in Sources */ = {isa = PBXBuildFile; fileRef = AB09BA962BDEBD05008D0D82 /* PosViewModel.swift */; };
		AB09BA992BDEC4A9008D0D82 /* Login.swift in Sources */ = {isa = PBXBuildFile; fileRef = AB09BA982BDEC4A9008D0D82 /* Login.swift */; };
		AB09BA9B2BDEC57A008D0D82 /* Home.swift in Sources */ = {isa = PBXBuildFile; fileRef = AB09BA9A2BDEC57A008D0D82 /* Home.swift */; };
/* End PBXBuildFile section */

/* Begin PBXFileReference section */
		0A32CBA52BDFF2B4005E142E /* UserListModel.swift */ = {isa = PBXFileReference; lastKnownFileType = sourcecode.swift; path = UserListModel.swift; sourceTree = "<group>"; };
		0A32CBA72BDFF391005E142E /* UserListViewModel.swift */ = {isa = PBXFileReference; lastKnownFileType = sourcecode.swift; path = UserListViewModel.swift; sourceTree = "<group>"; };
		0A32CBA92BDFFA42005E142E /* UserDetail.swift */ = {isa = PBXFileReference; lastKnownFileType = sourcecode.swift; path = UserDetail.swift; sourceTree = "<group>"; };
		0A32CBAB2BDFFD28005E142E /* UserDetailViewModel.swift */ = {isa = PBXFileReference; lastKnownFileType = sourcecode.swift; path = UserDetailViewModel.swift; sourceTree = "<group>"; };
		AB09BA802BDEB97A008D0D82 /* CallAPI.app */ = {isa = PBXFileReference; explicitFileType = wrapper.application; includeInIndex = 0; path = CallAPI.app; sourceTree = BUILT_PRODUCTS_DIR; };
		AB09BA832BDEB97A008D0D82 /* CallAPIApp.swift */ = {isa = PBXFileReference; lastKnownFileType = sourcecode.swift; path = CallAPIApp.swift; sourceTree = "<group>"; };
		AB09BA852BDEB97A008D0D82 /* ContentView.swift */ = {isa = PBXFileReference; lastKnownFileType = sourcecode.swift; path = ContentView.swift; sourceTree = "<group>"; };
		AB09BA872BDEB97B008D0D82 /* Assets.xcassets */ = {isa = PBXFileReference; lastKnownFileType = folder.assetcatalog; path = Assets.xcassets; sourceTree = "<group>"; };
		AB09BA8A2BDEB97B008D0D82 /* Preview Assets.xcassets */ = {isa = PBXFileReference; lastKnownFileType = folder.assetcatalog; path = "Preview Assets.xcassets"; sourceTree = "<group>"; };
		AB09BA942BDEBBFE008D0D82 /* PosModel.swift */ = {isa = PBXFileReference; lastKnownFileType = sourcecode.swift; path = PosModel.swift; sourceTree = "<group>"; };
		AB09BA962BDEBD05008D0D82 /* PosViewModel.swift */ = {isa = PBXFileReference; lastKnownFileType = sourcecode.swift; path = PosViewModel.swift; sourceTree = "<group>"; };
		AB09BA982BDEC4A9008D0D82 /* Login.swift */ = {isa = PBXFileReference; lastKnownFileType = sourcecode.swift; path = Login.swift; sourceTree = "<group>"; };
		AB09BA9A2BDEC57A008D0D82 /* Home.swift */ = {isa = PBXFileReference; lastKnownFileType = sourcecode.swift; path = Home.swift; sourceTree = "<group>"; };
/* End PBXFileReference section */

/* Begin PBXFrameworksBuildPhase section */
		AB09BA7D2BDEB97A008D0D82 /* Frameworks */ = {
			isa = PBXFrameworksBuildPhase;
			buildActionMask = 2147483647;
			files = (
			);
			runOnlyForDeploymentPostprocessing = 0;
		};
/* End PBXFrameworksBuildPhase section */

/* Begin PBXGroup section */
		AB09BA772BDEB97A008D0D82 = {
			isa = PBXGroup;
			children = (
				AB09BA822BDEB97A008D0D82 /* CallAPI */,
				AB09BA812BDEB97A008D0D82 /* Products */,
			);
			sourceTree = "<group>";
		};
		AB09BA812BDEB97A008D0D82 /* Products */ = {
			isa = PBXGroup;
			children = (
				AB09BA802BDEB97A008D0D82 /* CallAPI.app */,
			);
			name = Products;
			sourceTree = "<group>";
		};
		AB09BA822BDEB97A008D0D82 /* CallAPI */ = {
			isa = PBXGroup;
			children = (
				AB09BA912BDEBB1D008D0D82 /* Model */,
				AB09BA922BDEBB23008D0D82 /* View */,
				AB09BA932BDEBB28008D0D82 /* ViewModel */,
				AB09BA832BDEB97A008D0D82 /* CallAPIApp.swift */,
				AB09BA852BDEB97A008D0D82 /* ContentView.swift */,
				AB09BA872BDEB97B008D0D82 /* Assets.xcassets */,
				AB09BA892BDEB97B008D0D82 /* Preview Content */,
			);
			path = CallAPI;
			sourceTree = "<group>";
		};
		AB09BA892BDEB97B008D0D82 /* Preview Content */ = {
			isa = PBXGroup;
			children = (
				AB09BA8A2BDEB97B008D0D82 /* Preview Assets.xcassets */,
			);
			path = "Preview Content";
			sourceTree = "<group>";
		};
		AB09BA912BDEBB1D008D0D82 /* Model */ = {
			isa = PBXGroup;
			children = (
				AB09BA942BDEBBFE008D0D82 /* PosModel.swift */,
				0A32CBA52BDFF2B4005E142E /* UserListModel.swift */,
			);
			path = Model;
			sourceTree = "<group>";
		};
		AB09BA922BDEBB23008D0D82 /* View */ = {
			isa = PBXGroup;
			children = (
				AB09BA982BDEC4A9008D0D82 /* Login.swift */,
				AB09BA9A2BDEC57A008D0D82 /* Home.swift */,
				0A32CBA92BDFFA42005E142E /* UserDetail.swift */,
			);
			path = View;
			sourceTree = "<group>";
		};
		AB09BA932BDEBB28008D0D82 /* ViewModel */ = {
			isa = PBXGroup;
			children = (
				AB09BA962BDEBD05008D0D82 /* PosViewModel.swift */,
				0A32CBA72BDFF391005E142E /* UserListViewModel.swift */,
				0A32CBAB2BDFFD28005E142E /* UserDetailViewModel.swift */,
			);
			path = ViewModel;
			sourceTree = "<group>";
		};
/* End PBXGroup section */

/* Begin PBXNativeTarget section */
		AB09BA7F2BDEB97A008D0D82 /* CallAPI */ = {
			isa = PBXNativeTarget;
			buildConfigurationList = AB09BA8E2BDEB97B008D0D82 /* Build configuration list for PBXNativeTarget "CallAPI" */;
			buildPhases = (
				AB09BA7C2BDEB97A008D0D82 /* Sources */,
				AB09BA7D2BDEB97A008D0D82 /* Frameworks */,
				AB09BA7E2BDEB97A008D0D82 /* Resources */,
			);
			buildRules = (
			);
			dependencies = (
			);
			name = CallAPI;
			productName = CallAPI;
			productReference = AB09BA802BDEB97A008D0D82 /* CallAPI.app */;
			productType = "com.apple.product-type.application";
		};
/* End PBXNativeTarget section */

/* Begin PBXProject section */
		AB09BA782BDEB97A008D0D82 /* Project object */ = {
			isa = PBXProject;
			attributes = {
				BuildIndependentTargetsInParallel = 1;
				LastSwiftUpdateCheck = 1520;
				LastUpgradeCheck = 1520;
				TargetAttributes = {
					AB09BA7F2BDEB97A008D0D82 = {
						CreatedOnToolsVersion = 15.2;
					};
				};
			};
			buildConfigurationList = AB09BA7B2BDEB97A008D0D82 /* Build configuration list for PBXProject "CallAPI" */;
			compatibilityVersion = "Xcode 14.0";
			developmentRegion = en;
			hasScannedForEncodings = 0;
			knownRegions = (
				en,
				Base,
			);
			mainGroup = AB09BA772BDEB97A008D0D82;
			productRefGroup = AB09BA812BDEB97A008D0D82 /* Products */;
			projectDirPath = "";
			projectRoot = "";
			targets = (
				AB09BA7F2BDEB97A008D0D82 /* CallAPI */,
			);
		};
/* End PBXProject section */

/* Begin PBXResourcesBuildPhase section */
		AB09BA7E2BDEB97A008D0D82 /* Resources */ = {
			isa = PBXResourcesBuildPhase;
			buildActionMask = 2147483647;
			files = (
				AB09BA8B2BDEB97B008D0D82 /* Preview Assets.xcassets in Resources */,
				AB09BA882BDEB97B008D0D82 /* Assets.xcassets in Resources */,
			);
			runOnlyForDeploymentPostprocessing = 0;
		};
/* End PBXResourcesBuildPhase section */

/* Begin PBXSourcesBuildPhase section */
		AB09BA7C2BDEB97A008D0D82 /* Sources */ = {
			isa = PBXSourcesBuildPhase;
			buildActionMask = 2147483647;
			files = (
				AB09BA862BDEB97A008D0D82 /* ContentView.swift in Sources */,
				AB09BA992BDEC4A9008D0D82 /* Login.swift in Sources */,
				0A32CBAC2BDFFD28005E142E /* UserDetailViewModel.swift in Sources */,
				AB09BA952BDEBBFE008D0D82 /* PosModel.swift in Sources */,
				0A32CBA62BDFF2B4005E142E /* UserListModel.swift in Sources */,
				AB09BA842BDEB97A008D0D82 /* CallAPIApp.swift in Sources */,
				AB09BA9B2BDEC57A008D0D82 /* Home.swift in Sources */,
				AB09BA972BDEBD05008D0D82 /* PosViewModel.swift in Sources */,
				0A32CBAA2BDFFA42005E142E /* UserDetail.swift in Sources */,
				0A32CBA82BDFF391005E142E /* UserListViewModel.swift in Sources */,
			);
			runOnlyForDeploymentPostprocessing = 0;
		};
/* End PBXSourcesBuildPhase section */

/* Begin XCBuildConfiguration section */
		AB09BA8C2BDEB97B008D0D82 /* Debug */ = {
			isa = XCBuildConfiguration;
			buildSettings = {
				ALWAYS_SEARCH_USER_PATHS = NO;
				ASSETCATALOG_COMPILER_GENERATE_SWIFT_ASSET_SYMBOL_EXTENSIONS = YES;
				CLANG_ANALYZER_NONNULL = YES;
				CLANG_ANALYZER_NUMBER_OBJECT_CONVERSION = YES_AGGRESSIVE;
				CLANG_CXX_LANGUAGE_STANDARD = "gnu++20";
				CLANG_ENABLE_MODULES = YES;
				CLANG_ENABLE_OBJC_ARC = YES;
				CLANG_ENABLE_OBJC_WEAK = YES;
				CLANG_WARN_BLOCK_CAPTURE_AUTORELEASING = YES;
				CLANG_WARN_BOOL_CONVERSION = YES;
				CLANG_WARN_COMMA = YES;
				CLANG_WARN_CONSTANT_CONVERSION = YES;
				CLANG_WARN_DEPRECATED_OBJC_IMPLEMENTATIONS = YES;
				CLANG_WARN_DIRECT_OBJC_ISA_USAGE = YES_ERROR;
				CLANG_WARN_DOCUMENTATION_COMMENTS = YES;
				CLANG_WARN_EMPTY_BODY = YES;
				CLANG_WARN_ENUM_CONVERSION = YES;
				CLANG_WARN_INFINITE_RECURSION = YES;
				CLANG_WARN_INT_CONVERSION = YES;
				CLANG_WARN_NON_LITERAL_NULL_CONVERSION = YES;
				CLANG_WARN_OBJC_IMPLICIT_RETAIN_SELF = YES;
				CLANG_WARN_OBJC_LITERAL_CONVERSION = YES;
				CLANG_WARN_OBJC_ROOT_CLASS = YES_ERROR;
				CLANG_WARN_QUOTED_INCLUDE_IN_FRAMEWORK_HEADER = YES;
				CLANG_WARN_RANGE_LOOP_ANALYSIS = YES;
				CLANG_WARN_STRICT_PROTOTYPES = YES;
				CLANG_WARN_SUSPICIOUS_MOVE = YES;
				CLANG_WARN_UNGUARDED_AVAILABILITY = YES_AGGRESSIVE;
				CLANG_WARN_UNREACHABLE_CODE = YES;
				CLANG_WARN__DUPLICATE_METHOD_MATCH = YES;
				COPY_PHASE_STRIP = NO;
				DEBUG_INFORMATION_FORMAT = dwarf;
				ENABLE_STRICT_OBJC_MSGSEND = YES;
				ENABLE_TESTABILITY = YES;
				ENABLE_USER_SCRIPT_SANDBOXING = YES;
				GCC_C_LANGUAGE_STANDARD = gnu17;
				GCC_DYNAMIC_NO_PIC = NO;
				GCC_NO_COMMON_BLOCKS = YES;
				GCC_OPTIMIZATION_LEVEL = 0;
				GCC_PREPROCESSOR_DEFINITIONS = (
					"DEBUG=1",
					"$(inherited)",
				);
				GCC_WARN_64_TO_32_BIT_CONVERSION = YES;
				GCC_WARN_ABOUT_RETURN_TYPE = YES_ERROR;
				GCC_WARN_UNDECLARED_SELECTOR = YES;
				GCC_WARN_UNINITIALIZED_AUTOS = YES_AGGRESSIVE;
				GCC_WARN_UNUSED_FUNCTION = YES;
				GCC_WARN_UNUSED_VARIABLE = YES;
				IPHONEOS_DEPLOYMENT_TARGET = 17.2;
				LOCALIZATION_PREFERS_STRING_CATALOGS = YES;
				MTL_ENABLE_DEBUG_INFO = INCLUDE_SOURCE;
				MTL_FAST_MATH = YES;
				ONLY_ACTIVE_ARCH = YES;
				SDKROOT = iphoneos;
				SWIFT_ACTIVE_COMPILATION_CONDITIONS = "DEBUG $(inherited)";
				SWIFT_OPTIMIZATION_LEVEL = "-Onone";
			};
			name = Debug;
		};
		AB09BA8D2BDEB97B008D0D82 /* Release */ = {
			isa = XCBuildConfiguration;
			buildSettings = {
				ALWAYS_SEARCH_USER_PATHS = NO;
				ASSETCATALOG_COMPILER_GENERATE_SWIFT_ASSET_SYMBOL_EXTENSIONS = YES;
				CLANG_ANALYZER_NONNULL = YES;
				CLANG_ANALYZER_NUMBER_OBJECT_CONVERSION = YES_AGGRESSIVE;
				CLANG_CXX_LANGUAGE_STANDARD = "gnu++20";
				CLANG_ENABLE_MODULES = YES;
				CLANG_ENABLE_OBJC_ARC = YES;
				CLANG_ENABLE_OBJC_WEAK = YES;
				CLANG_WARN_BLOCK_CAPTURE_AUTORELEASING = YES;
				CLANG_WARN_BOOL_CONVERSION = YES;
				CLANG_WARN_COMMA = YES;
				CLANG_WARN_CONSTANT_CONVERSION = YES;
				CLANG_WARN_DEPRECATED_OBJC_IMPLEMENTATIONS = YES;
				CLANG_WARN_DIRECT_OBJC_ISA_USAGE = YES_ERROR;
				CLANG_WARN_DOCUMENTATION_COMMENTS = YES;
				CLANG_WARN_EMPTY_BODY = YES;
				CLANG_WARN_ENUM_CONVERSION = YES;
				CLANG_WARN_INFINITE_RECURSION = YES;
				CLANG_WARN_INT_CONVERSION = YES;
				CLANG_WARN_NON_LITERAL_NULL_CONVERSION = YES;
				CLANG_WARN_OBJC_IMPLICIT_RETAIN_SELF = YES;
				CLANG_WARN_OBJC_LITERAL_CONVERSION = YES;
				CLANG_WARN_OBJC_ROOT_CLASS = YES_ERROR;
				CLANG_WARN_QUOTED_INCLUDE_IN_FRAMEWORK_HEADER = YES;
				CLANG_WARN_RANGE_LOOP_ANALYSIS = YES;
				CLANG_WARN_STRICT_PROTOTYPES = YES;
				CLANG_WARN_SUSPICIOUS_MOVE = YES;
				CLANG_WARN_UNGUARDED_AVAILABILITY = YES_AGGRESSIVE;
				CLANG_WARN_UNREACHABLE_CODE = YES;
				CLANG_WARN__DUPLICATE_METHOD_MATCH = YES;
				COPY_PHASE_STRIP = NO;
				DEBUG_INFORMATION_FORMAT = "dwarf-with-dsym";
				ENABLE_NS_ASSERTIONS = NO;
				ENABLE_STRICT_OBJC_MSGSEND = YES;
				ENABLE_USER_SCRIPT_SANDBOXING = YES;
				GCC_C_LANGUAGE_STANDARD = gnu17;
				GCC_NO_COMMON_BLOCKS = YES;
				GCC_WARN_64_TO_32_BIT_CONVERSION = YES;
				GCC_WARN_ABOUT_RETURN_TYPE = YES_ERROR;
				GCC_WARN_UNDECLARED_SELECTOR = YES;
				GCC_WARN_UNINITIALIZED_AUTOS = YES_AGGRESSIVE;
				GCC_WARN_UNUSED_FUNCTION = YES;
				GCC_WARN_UNUSED_VARIABLE = YES;
				IPHONEOS_DEPLOYMENT_TARGET = 17.2;
				LOCALIZATION_PREFERS_STRING_CATALOGS = YES;
				MTL_ENABLE_DEBUG_INFO = NO;
				MTL_FAST_MATH = YES;
				SDKROOT = iphoneos;
				SWIFT_COMPILATION_MODE = wholemodule;
				VALIDATE_PRODUCT = YES;
			};
			name = Release;
		};
		AB09BA8F2BDEB97B008D0D82 /* Debug */ = {
			isa = XCBuildConfiguration;
			buildSettings = {
				ASSETCATALOG_COMPILER_APPICON_NAME = AppIcon;
				ASSETCATALOG_COMPILER_GLOBAL_ACCENT_COLOR_NAME = AccentColor;
				CODE_SIGN_STYLE = Automatic;
				CURRENT_PROJECT_VERSION = 1;
				DEVELOPMENT_ASSET_PATHS = "\"CallAPI/Preview Content\"";
				DEVELOPMENT_TEAM = ZTBH29ZRG3;
				ENABLE_PREVIEWS = YES;
				GENERATE_INFOPLIST_FILE = YES;
				INFOPLIST_KEY_UIApplicationSceneManifest_Generation = YES;
				INFOPLIST_KEY_UIApplicationSupportsIndirectInputEvents = YES;
				INFOPLIST_KEY_UILaunchScreen_Generation = YES;
				INFOPLIST_KEY_UISupportedInterfaceOrientations_iPad = "UIInterfaceOrientationPortrait UIInterfaceOrientationPortraitUpsideDown UIInterfaceOrientationLandscapeLeft UIInterfaceOrientationLandscapeRight";
				INFOPLIST_KEY_UISupportedInterfaceOrientations_iPhone = "UIInterfaceOrientationPortrait UIInterfaceOrientationLandscapeLeft UIInterfaceOrientationLandscapeRight";
				LD_RUNPATH_SEARCH_PATHS = (
					"$(inherited)",
					"@executable_path/Frameworks",
				);
				MARKETING_VERSION = 1.0;
				PRODUCT_BUNDLE_IDENTIFIER = CallAPI;
				PRODUCT_NAME = "$(TARGET_NAME)";
				SWIFT_EMIT_LOC_STRINGS = YES;
				SWIFT_VERSION = 5.0;
				TARGETED_DEVICE_FAMILY = "1,2";
			};
			name = Debug;
		};
		AB09BA902BDEB97B008D0D82 /* Release */ = {
			isa = XCBuildConfiguration;
			buildSettings = {
				ASSETCATALOG_COMPILER_APPICON_NAME = AppIcon;
				ASSETCATALOG_COMPILER_GLOBAL_ACCENT_COLOR_NAME = AccentColor;
				CODE_SIGN_STYLE = Automatic;
				CURRENT_PROJECT_VERSION = 1;
				DEVELOPMENT_ASSET_PATHS = "\"CallAPI/Preview Content\"";
				DEVELOPMENT_TEAM = ZTBH29ZRG3;
				ENABLE_PREVIEWS = YES;
				GENERATE_INFOPLIST_FILE = YES;
				INFOPLIST_KEY_UIApplicationSceneManifest_Generation = YES;
				INFOPLIST_KEY_UIApplicationSupportsIndirectInputEvents = YES;
				INFOPLIST_KEY_UILaunchScreen_Generation = YES;
				INFOPLIST_KEY_UISupportedInterfaceOrientations_iPad = "UIInterfaceOrientationPortrait UIInterfaceOrientationPortraitUpsideDown UIInterfaceOrientationLandscapeLeft UIInterfaceOrientationLandscapeRight";
				INFOPLIST_KEY_UISupportedInterfaceOrientations_iPhone = "UIInterfaceOrientationPortrait UIInterfaceOrientationLandscapeLeft UIInterfaceOrientationLandscapeRight";
				LD_RUNPATH_SEARCH_PATHS = (
					"$(inherited)",
					"@executable_path/Frameworks",
				);
				MARKETING_VERSION = 1.0;
				PRODUCT_BUNDLE_IDENTIFIER = CallAPI;
				PRODUCT_NAME = "$(TARGET_NAME)";
				SWIFT_EMIT_LOC_STRINGS = YES;
				SWIFT_VERSION = 5.0;
				TARGETED_DEVICE_FAMILY = "1,2";
			};
			name = Release;
		};
/* End XCBuildConfiguration section */

/* Begin XCConfigurationList section */
		AB09BA7B2BDEB97A008D0D82 /* Build configuration list for PBXProject "CallAPI" */ = {
			isa = XCConfigurationList;
			buildConfigurations = (
				AB09BA8C2BDEB97B008D0D82 /* Debug */,
				AB09BA8D2BDEB97B008D0D82 /* Release */,
			);
			defaultConfigurationIsVisible = 0;
			defaultConfigurationName = Release;
		};
		AB09BA8E2BDEB97B008D0D82 /* Build configuration list for PBXNativeTarget "CallAPI" */ = {
			isa = XCConfigurationList;
			buildConfigurations = (
				AB09BA8F2BDEB97B008D0D82 /* Debug */,
				AB09BA902BDEB97B008D0D82 /* Release */,
			);
			defaultConfigurationIsVisible = 0;
			defaultConfigurationName = Release;
		};
/* End XCConfigurationList section */
	};
	rootObject = AB09BA782BDEB97A008D0D82 /* Project object */;
}
